// !$*UTF8*$!
{
	archiveVersion = 1;
	classes = {
	};
	objectVersion = 46;
	objects = {

/* Begin PBXBuildFile section */
		F537D8F01D7BD65700D9DB7E /* AppDelegate.swift in Sources */ = {isa = PBXBuildFile; fileRef = F537D8EF1D7BD65700D9DB7E /* AppDelegate.swift */; };
		F537D8F21D7BD65700D9DB7E /* ViewController.swift in Sources */ = {isa = PBXBuildFile; fileRef = F537D8F11D7BD65700D9DB7E /* ViewController.swift */; };
		F537D8F51D7BD65700D9DB7E /* Main.storyboard in Resources */ = {isa = PBXBuildFile; fileRef = F537D8F31D7BD65700D9DB7E /* Main.storyboard */; };
		F537D8F71D7BD65700D9DB7E /* Assets.xcassets in Resources */ = {isa = PBXBuildFile; fileRef = F537D8F61D7BD65700D9DB7E /* Assets.xcassets */; };
		F537D8FA1D7BD65700D9DB7E /* LaunchScreen.storyboard in Resources */ = {isa = PBXBuildFile; fileRef = F537D8F81D7BD65700D9DB7E /* LaunchScreen.storyboard */; };
/* End PBXBuildFile section */

/* Begin PBXFileReference section */
		F537D8EC1D7BD65700D9DB7E /* Gap Work.app */ = {isa = PBXFileReference; explicitFileType = wrapper.application; includeInIndex = 0; path = "Gap Work.app"; sourceTree = BUILT_PRODUCTS_DIR; };
		F537D8EF1D7BD65700D9DB7E /* AppDelegate.swift */ = {isa = PBXFileReference; lastKnownFileType = sourcecode.swift; path = AppDelegate.swift; sourceTree = "<group>"; };
		F537D8F11D7BD65700D9DB7E /* ViewController.swift */ = {isa = PBXFileReference; lastKnownFileType = sourcecode.swift; path = ViewController.swift; sourceTree = "<group>"; };
		F537D8F41D7BD65700D9DB7E /* Base */ = {isa = PBXFileReference; lastKnownFileType = file.storyboard; name = Base; path = Base.lproj/Main.storyboard; sourceTree = "<group>"; };
		F537D8F61D7BD65700D9DB7E /* Assets.xcassets */ = {isa = PBXFileReference; lastKnownFileType = folder.assetcatalog; path = Assets.xcassets; sourceTree = "<group>"; };
		F537D8F91D7BD65700D9DB7E /* Base */ = {isa = PBXFileReference; lastKnownFileType = file.storyboard; name = Base; path = Base.lproj/LaunchScreen.storyboard; sourceTree = "<group>"; };
		F537D8FB1D7BD65700D9DB7E /* Info.plist */ = {isa = PBXFileReference; lastKnownFileType = text.plist.xml; path = Info.plist; sourceTree = "<group>"; };
/* End PBXFileReference section */

/* Begin PBXFrameworksBuildPhase section */
		F537D8E91D7BD65700D9DB7E /* Frameworks */ = {
			isa = PBXFrameworksBuildPhase;
			buildActionMask = 2147483647;
			files = (
			);
			runOnlyForDeploymentPostprocessing = 0;
		};
/* End PBXFrameworksBuildPhase section */

/* Begin PBXGroup section */
		F537D8E31D7BD65600D9DB7E = {
			isa = PBXGroup;
			children = (
				F537D8EE1D7BD65700D9DB7E /* Gap Work */,
				F537D8ED1D7BD65700D9DB7E /* Products */,
			);
			sourceTree = "<group>";
		};
		F537D8ED1D7BD65700D9DB7E /* Products */ = {
			isa = PBXGroup;
			children = (
				F537D8EC1D7BD65700D9DB7E /* Gap Work.app */,
			);
			name = Products;
			sourceTree = "<group>";
		};
		F537D8EE1D7BD65700D9DB7E /* Gap Work */ = {
			isa = PBXGroup;
			children = (
				F537D8EF1D7BD65700D9DB7E /* AppDelegate.swift */,
				F537D8F11D7BD65700D9DB7E /* ViewController.swift */,
				F537D8F31D7BD65700D9DB7E /* Main.storyboard */,
				F537D8F61D7BD65700D9DB7E /* Assets.xcassets */,
				F537D8F81D7BD65700D9DB7E /* LaunchScreen.storyboard */,
				F537D8FB1D7BD65700D9DB7E /* Info.plist */,
			);
			path = "Gap Work";
			sourceTree = "<group>";
		};
/* End PBXGroup section */

/* Begin PBXNativeTarget section */
		F537D8EB1D7BD65700D9DB7E /* Gap Work */ = {
			isa = PBXNativeTarget;
			buildConfigurationList = F537D8FE1D7BD65700D9DB7E /* Build configuration list for PBXNativeTarget "Gap Work" */;
			buildPhases = (
				F537D8E81D7BD65700D9DB7E /* Sources */,
				F537D8E91D7BD65700D9DB7E /* Frameworks */,
				F537D8EA1D7BD65700D9DB7E /* Resources */,
			);
			buildRules = (
			);
			dependencies = (
			);
			name = "Gap Work";
			productName = "Gap Work";
			productReference = F537D8EC1D7BD65700D9DB7E /* Gap Work.app */;
			productType = "com.apple.product-type.application";
		};
/* End PBXNativeTarget section */

/* Begin PBXProject section */
		F537D8E41D7BD65600D9DB7E /* Project object */ = {
			isa = PBXProject;
			attributes = {
				LastSwiftUpdateCheck = 0730;
				LastUpgradeCheck = 0730;
				ORGANIZATIONNAME = "Tanner Helton";
				TargetAttributes = {
					F537D8EB1D7BD65700D9DB7E = {
						CreatedOnToolsVersion = 7.3.1;
						DevelopmentTeam = 3P3B5AJANL;
					};
				};
			};
			buildConfigurationList = F537D8E71D7BD65600D9DB7E /* Build configuration list for PBXProject "Gap Work" */;
			compatibilityVersion = "Xcode 3.2";
			developmentRegion = English;
			hasScannedForEncodings = 0;
			knownRegions = (
				en,
				Base,
			);
			mainGroup = F537D8E31D7BD65600D9DB7E;
			productRefGroup = F537D8ED1D7BD65700D9DB7E /* Products */;
			projectDirPath = "";
			projectRoot = "";
			targets = (
				F537D8EB1D7BD65700D9DB7E /* Gap Work */,
			);
		};
/* End PBXProject section */

/* Begin PBXResourcesBuildPhase section */
		F537D8EA1D7BD65700D9DB7E /* Resources */ = {
			isa = PBXResourcesBuildPhase;
			buildActionMask = 2147483647;
			files = (
				F537D8FA1D7BD65700D9DB7E /* LaunchScreen.storyboard in Resources */,
				F537D8F71D7BD65700D9DB7E /* Assets.xcassets in Resources */,
				F537D8F51D7BD65700D9DB7E /* Main.storyboard in Resources */,
			);
			runOnlyForDeploymentPostprocessing = 0;
		};
/* End PBXResourcesBuildPhase section */

/* Begin PBXSourcesBuildPhase section */
		F537D8E81D7BD65700D9DB7E /* Sources */ = {
			isa = PBXSourcesBuildPhase;
			buildActionMask = 2147483647;
			files = (
				F537D8F21D7BD65700D9DB7E /* ViewController.swift in Sources */,
				F537D8F01D7BD65700D9DB7E /* AppDelegate.swift in Sources */,
			);
			runOnlyForDeploymentPostprocessing = 0;
		};
/* End PBXSourcesBuildPhase section */

/* Begin PBXVariantGroup section */
		F537D8F31D7BD65700D9DB7E /* Main.storyboard */ = {
			isa = PBXVariantGroup;
			children = (
				F537D8F41D7BD65700D9DB7E /* Base */,
			);
			name = Main.storyboard;
			sourceTree = "<group>";
		};
		F537D8F81D7BD65700D9DB7E /* LaunchScreen.storyboard */ = {
			isa = PBXVariantGroup;
			children = (
				F537D8F91D7BD65700D9DB7E /* Base */,
			);
			name = LaunchScreen.storyboard;
			sourceTree = "<group>";
		};
/* End PBXVariantGroup section */

/* Begin XCBuildConfiguration section */
		F537D8FC1D7BD65700D9DB7E /* Debug */ = {
			isa = XCBuildConfiguration;
			buildSettings = {
				ALWAYS_SEARCH_USER_PATHS = NO;
				CLANG_ANALYZER_NONNULL = YES;
				CLANG_CXX_LANGUAGE_STANDARD = "gnu++0x";
				CLANG_CXX_LIBRARY = "libc++";
				CLANG_ENABLE_MODULES = YES;
				CLANG_ENABLE_OBJC_ARC = YES;
				CLANG_WARN_BOOL_CONVERSION = YES;
				CLANG_WARN_CONSTANT_CONVERSION = YES;
				CLANG_WARN_DIRECT_OBJC_ISA_USAGE = YES_ERROR;
				CLANG_WARN_EMPTY_BODY = YES;
				CLANG_WARN_ENUM_CONVERSION = YES;
				CLANG_WARN_INT_CONVERSION = YES;
				CLANG_WARN_OBJC_ROOT_CLASS = YES_ERROR;
				CLANG_WARN_UNREACHABLE_CODE = YES;
				CLANG_WARN__DUPLICATE_METHOD_MATCH = YES;
				"CODE_SIGN_IDENTITY[sdk=iphoneos*]" = "iPhone Developer";
				COPY_PHASE_STRIP = NO;
				DEBUG_INFORMATION_FORMAT = dwarf;
				ENABLE_STRICT_OBJC_MSGSEND = YES;
				ENABLE_TESTABILITY = YES;
				GCC_C_LANGUAGE_STANDARD = gnu99;
				GCC_DYNAMIC_NO_PIC = NO;
				GCC_NO_COMMON_BLOCKS = YES;
				GCC_OPTIMIZATION_LEVEL = 0;
				GCC_PREPROCESSOR_DEFINITIONS = (
					"DEBUG=1",
					"$(inherited)",
				);
				GCC_WARN_64_TO_32_BIT_CONVERSION = YES;
				GCC_WARN_ABOUT_RETURN_TYPE = YES_ERROR;
				GCC_WARN_UNDECLARED_SELECTOR = YES;
				GCC_WARN_UNINITIALIZED_AUTOS = YES_AGGRESSIVE;
				GCC_WARN_UNUSED_FUNCTION = YES;
				GCC_WARN_UNUSED_VARIABLE = YES;
				IPHONEOS_DEPLOYMENT_TARGET = 9.3;
				MTL_ENABLE_DEBUG_INFO = YES;
				ONLY_ACTIVE_ARCH = YES;
				SDKROOT = iphoneos;
				SWIFT_OPTIMIZATION_LEVEL = "-Onone";
			};
			name = Debug;
		};
		F537D8FD1D7BD65700D9DB7E /* Release */ = {
			isa = XCBuildConfiguration;
			buildSettings = {
				ALWAYS_SEARCH_USER_PATHS = NO;
				CLANG_ANALYZER_NONNULL = YES;
				CLANG_CXX_LANGUAGE_STANDARD = "gnu++0x";
				CLANG_CXX_LIBRARY = "libc++";
				CLANG_ENABLE_MODULES = YES;
				CLANG_ENABLE_OBJC_ARC = YES;
				CLANG_WARN_BOOL_CONVERSION = YES;
				CLANG_WARN_CONSTANT_CONVERSION = YES;
				CLANG_WARN_DIRECT_OBJC_ISA_USAGE = YES_ERROR;
				CLANG_WARN_EMPTY_BODY = YES;
				CLANG_WARN_ENUM_CONVERSION = YES;
				CLANG_WARN_INT_CONVERSION = YES;
				CLANG_WARN_OBJC_ROOT_CLASS = YES_ERROR;
				CLANG_WARN_UNREACHABLE_CODE = YES;
				CLANG_WARN__DUPLICATE_METHOD_MATCH = YES;
				"CODE_SIGN_IDENTITY[sdk=iphoneos*]" = "iPhone Developer";
				COPY_PHASE_STRIP = NO;
				DEBUG_INFORMATION_FORMAT = "dwarf-with-dsym";
				ENABLE_NS_ASSERTIONS = NO;
				ENABLE_STRICT_OBJC_MSGSEND = YES;
				GCC_C_LANGUAGE_STANDARD = gnu99;
				GCC_NO_COMMON_BLOCKS = YES;
				GCC_WARN_64_TO_32_BIT_CONVERSION = YES;
				GCC_WARN_ABOUT_RETURN_TYPE = YES_ERROR;
				GCC_WARN_UNDECLARED_SELECTOR = YES;
				GCC_WARN_UNINITIALIZED_AUTOS = YES_AGGRESSIVE;
				GCC_WARN_UNUSED_FUNCTION = YES;
				GCC_WARN_UNUSED_VARIABLE = YES;
				IPHONEOS_DEPLOYMENT_TARGET = 9.3;
				MTL_ENABLE_DEBUG_INFO = NO;
				SDKROOT = iphoneos;
				VALIDATE_PRODUCT = YES;
			};
			name = Release;
		};
		F537D8FF1D7BD65700D9DB7E /* Debug */ = {
			isa = XCBuildConfiguration;
			buildSettings = {
				ASSETCATALOG_COMPILER_APPICON_NAME = AppIcon;
				CODE_SIGN_IDENTITY = "iPhone Developer";
				INFOPLIST_FILE = "Gap Work/Info.plist";
				LD_RUNPATH_SEARCH_PATHS = "$(inherited) @executable_path/Frameworks";
				PRODUCT_BUNDLE_IDENTIFIER = "com.tannerhelton.Gap-Work";
				PRODUCT_NAME = "$(TARGET_NAME)";
			};
			name = Debug;
		};
		F537D9001D7BD65700D9DB7E /* Release */ = {
			isa = XCBuildConfiguration;
			buildSettings = {
				ASSETCATALOG_COMPILER_APPICON_NAME = AppIcon;
				CODE_SIGN_IDENTITY = "iPhone Developer";
				INFOPLIST_FILE = "Gap Work/Info.plist";
				LD_RUNPATH_SEARCH_PATHS = "$(inherited) @executable_path/Frameworks";
				PRODUCT_BUNDLE_IDENTIFIER = "com.tannerhelton.Gap-Work";
				PRODUCT_NAME = "$(TARGET_NAME)";
			};
			name = Release;
		};
/* End XCBuildConfiguration section */

/* Begin XCConfigurationList section */
		F537D8E71D7BD65600D9DB7E /* Build configuration list for PBXProject "Gap Work" */ = {
			isa = XCConfigurationList;
			buildConfigurations = (
				F537D8FC1D7BD65700D9DB7E /* Debug */,
				F537D8FD1D7BD65700D9DB7E /* Release */,
			);
			defaultConfigurationIsVisible = 0;
			defaultConfigurationName = Release;
		};
		F537D8FE1D7BD65700D9DB7E /* Build configuration list for PBXNativeTarget "Gap Work" */ = {
			isa = XCConfigurationList;
			buildConfigurations = (
				F537D8FF1D7BD65700D9DB7E /* Debug */,
				F537D9001D7BD65700D9DB7E /* Release */,
			);
			defaultConfigurationIsVisible = 0;
		};
/* End XCConfigurationList section */
	};
	rootObject = F537D8E41D7BD65600D9DB7E /* Project object */;
}
